[[package]]
name = "atomicwrites"
version = "1.4.1"
description = "Atomic file writes."
category = "dev"
optional = false
python-versions = ">=2.7, !=3.0.*, !=3.1.*, !=3.2.*, !=3.3.*"

[[package]]
name = "attrs"
version = "22.1.0"
description = "Classes Without Boilerplate"
category = "dev"
optional = false
python-versions = ">=3.5"

[package.extras]
dev = ["coverage[toml] (>=5.0.2)", "hypothesis", "pympler", "pytest (>=4.3.0)", "mypy (>=0.900,!=0.940)", "pytest-mypy-plugins", "zope.interface", "furo", "sphinx", "sphinx-notfound-page", "pre-commit", "cloudpickle"]
docs = ["furo", "sphinx", "zope.interface", "sphinx-notfound-page"]
tests = ["coverage[toml] (>=5.0.2)", "hypothesis", "pympler", "pytest (>=4.3.0)", "mypy (>=0.900,!=0.940)", "pytest-mypy-plugins", "zope.interface", "cloudpickle"]
tests_no_zope = ["coverage[toml] (>=5.0.2)", "hypothesis", "pympler", "pytest (>=4.3.0)", "mypy (>=0.900,!=0.940)", "pytest-mypy-plugins", "cloudpickle"]

[[package]]
name = "colorama"
version = "0.4.5"
description = "Cross-platform colored terminal text."
category = "dev"
optional = false
python-versions = ">=2.7, !=3.0.*, !=3.1.*, !=3.2.*, !=3.3.*, !=3.4.*"

[[package]]
name = "importlib-metadata"
version = "4.8.3"
description = "Read metadata from Python packages"
category = "dev"
optional = false
python-versions = ">=3.6"

[package.dependencies]
typing-extensions = {version = ">=3.6.4", markers = "python_version < \"3.8\""}
zipp = ">=0.5"

[package.extras]
docs = ["sphinx", "jaraco.packaging (>=8.2)", "rst.linker (>=1.9)"]
perf = ["ipython"]
testing = ["pytest (>=6)", "pytest-checkdocs (>=2.4)", "pytest-flake8", "pytest-cov", "pytest-enabler (>=1.0.1)", "packaging", "pep517", "pyfakefs", "flufl.flake8", "pytest-perf (>=0.9.2)", "pytest-black (>=0.3.7)", "pytest-mypy", "importlib-resources (>=1.3)"]

[[package]]
name = "iniconfig"
version = "1.1.1"
description = "iniconfig: brain-dead simple config-ini parsing"
category = "dev"
optional = false
python-versions = "*"

[[package]]
name = "levenshtein"
version = "0.20.5"
description = "Python extension for computing string edit distances and similarities."
category = "main"
optional = false
python-versions = ">=3.6"

[package.dependencies]
rapidfuzz = ">=2.3.0,<3.0.0"

[[package]]
name = "packaging"
version = "21.3"
description = "Core utilities for Python packages"
category = "dev"
optional = false
python-versions = ">=3.6"

[package.dependencies]
pyparsing = ">=2.0.2,<3.0.5 || >3.0.5"

[[package]]
name = "pluggy"
version = "1.0.0"
description = "plugin and hook calling mechanisms for python"
category = "dev"
optional = false
python-versions = ">=3.6"

[package.dependencies]
importlib-metadata = {version = ">=0.12", markers = "python_version < \"3.8\""}

[package.extras]
testing = ["pytest-benchmark", "pytest"]
dev = ["tox", "pre-commit"]

[[package]]
name = "py"
version = "1.11.0"
description = "library with cross-python path, ini-parsing, io, code, log facilities"
category = "dev"
optional = false
python-versions = ">=2.7, !=3.0.*, !=3.1.*, !=3.2.*, !=3.3.*, !=3.4.*"

[[package]]
name = "pyparsing"
version = "3.0.9"
description = "pyparsing module - Classes and methods to define and execute parsing grammars"
category = "dev"
optional = false
python-versions = ">=3.6.8"

[package.extras]
diagrams = ["railroad-diagrams", "jinja2"]

[[package]]
name = "pytest"
version = "6.2.5"
description = "pytest: simple powerful testing with Python"
category = "dev"
optional = false
python-versions = ">=3.6"

[package.dependencies]
atomicwrites = {version = ">=1.0", markers = "sys_platform == \"win32\""}
attrs = ">=19.2.0"
colorama = {version = "*", markers = "sys_platform == \"win32\""}
importlib-metadata = {version = ">=0.12", markers = "python_version < \"3.8\""}
iniconfig = "*"
packaging = "*"
pluggy = ">=0.12,<2.0"
py = ">=1.8.2"
toml = "*"

[package.extras]
testing = ["argcomplete", "hypothesis (>=3.56)", "mock", "nose", "requests", "xmlschema"]

[[package]]
name = "rapidfuzz"
version = "2.11.1"
description = "rapid fuzzy string matching"
category = "main"
optional = false
python-versions = ">=3.6"

[package.extras]
full = ["numpy"]

[[package]]
name = "toml"
version = "0.10.2"
description = "Python Library for Tom's Obvious, Minimal Language"
category = "dev"
optional = false
python-versions = ">=2.6, !=3.0.*, !=3.1.*, !=3.2.*"

[[package]]
name = "typing-extensions"
version = "4.1.1"
description = "Backported and Experimental Type Hints for Python 3.6+"
category = "dev"
optional = false
python-versions = ">=3.6"

[[package]]
name = "zipp"
version = "3.6.0"
description = "Backport of pathlib-compatible object wrapper for zip files"
category = "dev"
optional = false
python-versions = ">=3.6"

[package.extras]
docs = ["sphinx", "jaraco.packaging (>=8.2)", "rst.linker (>=1.9)"]
testing = ["pytest (>=4.6)", "pytest-checkdocs (>=2.4)", "pytest-flake8", "pytest-cov", "pytest-enabler (>=1.0.1)", "jaraco.itertools", "func-timeout", "pytest-black (>=0.3.7)", "pytest-mypy"]

[metadata]
lock-version = "1.1"
python-versions = "^3.6.9"
content-hash = "2256597bd148d905d34f4e800b64622ff200c508eaa1df7d519aabfe509220a3"

[metadata.files]
atomicwrites = [
    {file = "atomicwrites-1.4.1.tar.gz", hash = "sha256:81b2c9071a49367a7f770170e5eec8cb66567cfbbc8c73d20ce5ca4a8d71cf11"},
]
attrs = [
    {file = "attrs-22.1.0-py2.py3-none-any.whl", hash = "sha256:86efa402f67bf2df34f51a335487cf46b1ec130d02b8d39fd248abfd30da551c"},
    {file = "attrs-22.1.0.tar.gz", hash = "sha256:29adc2665447e5191d0e7c568fde78b21f9672d344281d0c6e1ab085429b22b6"},
]
colorama = [
    {file = "colorama-0.4.5-py2.py3-none-any.whl", hash = "sha256:854bf444933e37f5824ae7bfc1e98d5bce2ebe4160d46b5edf346a89358e99da"},
    {file = "colorama-0.4.5.tar.gz", hash = "sha256:e6c6b4334fc50988a639d9b98aa429a0b57da6e17b9a44f0451f930b6967b7a4"},
]
importlib-metadata = [
    {file = "importlib_metadata-4.8.3-py3-none-any.whl", hash = "sha256:65a9576a5b2d58ca44d133c42a241905cc45e34d2c06fd5ba2bafa221e5d7b5e"},
    {file = "importlib_metadata-4.8.3.tar.gz", hash = "sha256:766abffff765960fcc18003801f7044eb6755ffae4521c8e8ce8e83b9c9b0668"},
]
iniconfig = [
    {file = "iniconfig-1.1.1-py2.py3-none-any.whl", hash = "sha256:011e24c64b7f47f6ebd835bb12a743f2fbe9a26d4cecaa7f53bc4f35ee9da8b3"},
    {file = "iniconfig-1.1.1.tar.gz", hash = "sha256:bc3af051d7d14b2ee5ef9969666def0cd1a000e121eaea580d4a313df4b37f32"},
]
levenshtein = [
    {file = "Levenshtein-0.20.5-cp310-cp310-macosx_10_9_universal2.whl", hash = "sha256:41637188b8d14fb75140ca4d569c7c2de10f025ba89960753766b1c253dc6f79"},
    {file = "Levenshtein-0.20.5-cp310-cp310-macosx_10_9_x86_64.whl", hash = "sha256:329621ab7581d6fc806b60d1fe88e48a4f568d44a2406954cf6fdb3344e83d2e"},
    {file = "Levenshtein-0.20.5-cp310-cp310-macosx_11_0_arm64.whl", hash = "sha256:4ccf312f7ed82581713ffa502420dc8715ee908325a8ba3e53490c5da578720c"},
    {file = "Levenshtein-0.20.5-cp310-cp310-manylinux_2_17_aarch64.manylinux2014_aarch64.whl", hash = "sha256:4fae096efc700ae2d5269dae1d008b6c841f9044f1090c475ab4994ba19d5cfc"},
    {file = "Levenshtein-0.20.5-cp310-cp310-manylinux_2_17_ppc64le.manylinux2014_ppc64le.whl", hash = "sha256:04cceb79d9b962c80bfd583ca76364e984c769d8ef47aa56443c4c1d88a16376"},
    {file = "Levenshtein-0.20.5-cp310-cp310-manylinux_2_17_s390x.manylinux2014_s390x.whl", hash = "sha256:350986411597c90cc257010fcb451261716d0814ca1cb6882f2cc303a17cf61e"},
    {file = "Levenshtein-0.20.5-cp310-cp310-manylinux_2_17_x86_64.manylinux2014_x86_64.whl", hash = "sha256:752b752c0d40497a6702533a57c2739defe94765b563eddc7a929d8d3e1a471b"},
    {file = "Levenshtein-0.20.5-cp310-cp310-manylinux_2_5_i686.manylinux1_i686.manylinux_2_17_i686.manylinux2014_i686.whl", hash = "sha256:047b65c59356e59a9f1d90350f057ec2ad17c5bbb25bd18cefdec7318e7a881c"},
    {file = "Levenshtein-0.20.5-cp310-cp310-musllinux_1_1_aarch64.whl", hash = "sha256:8c162c5e145a2975e45e77b60e2b3340252df49507153def80064a10696b513a"},
    {file = "Levenshtein-0.20.5-cp310-cp310-musllinux_1_1_i686.whl", hash = "sha256:5086b1504e715647fa608d6dc6b801a273d14e68a52d1c48a55feab125f1a065"},
    {file = "Levenshtein-0.20.5-cp310-cp310-musllinux_1_1_ppc64le.whl", hash = "sha256:3938b80bb38a5370d34659e4e16f2be7750854ab4f2b524e7a534b610b93ae91"},
    {file = "Levenshtein-0.20.5-cp310-cp310-musllinux_1_1_s390x.whl", hash = "sha256:9b5aec9e01f4c9b528d96320fdf560398ecd6f6aa65476390e5b8dc7e2cb701c"},
    {file = "Levenshtein-0.20.5-cp310-cp310-musllinux_1_1_x86_64.whl", hash = "sha256:900135e33d9260ab929cd8f5a88e4a2458eef7b34a87aa386d6c39d05923bb9d"},
    {file = "Levenshtein-0.20.5-cp310-cp310-win32.whl", hash = "sha256:0a7ced0ad7f88105519ce2dcca97b95ee97516e8461657ff825c093dc680b8fa"},
    {file = "Levenshtein-0.20.5-cp310-cp310-win_amd64.whl", hash = "sha256:cb769206eeb69df28de4eb4a38480ff07dc7ef236a8ed6784908d45db7b1946b"},
    {file = "Levenshtein-0.20.5-cp311-cp311-macosx_10_9_universal2.whl", hash = "sha256:1d0388fc101e51f19512d1c204202a96d7e069489369ba2ffc31596065156ccf"},
    {file = "Levenshtein-0.20.5-cp311-cp311-macosx_10_9_x86_64.whl", hash = "sha256:3a42be69b137494f26219674d38ca3801e5db2fe60de02c332f19d6597729544"},
    {file = "Levenshtein-0.20.5-cp311-cp311-macosx_11_0_arm64.whl", hash = "sha256:5ff9c64d53c551cba31617510600907b85c706457138e2b4770bb8cea722c0d3"},
    {file = "Levenshtein-0.20.5-cp311-cp311-manylinux_2_17_aarch64.manylinux2014_aarch64.whl", hash = "sha256:a608474e07b28adf954850a2be7d1ee25572d6dc90d1323bc0932dc9b807ffdd"},
    {file = "Levenshtein-0.20.5-cp311-cp311-manylinux_2_17_ppc64le.manylinux2014_ppc64le.whl", hash = "sha256:bdbb7da34e9445915fd4ddcd53a360655d3f472b4bfa52b662b2f938573d53ab"},
    {file = "Levenshtein-0.20.5-cp311-cp311-manylinux_2_17_s390x.manylinux2014_s390x.whl", hash = "sha256:3d4f8f746521aa6f9d1d1bfacbf6087449cb8946139f5ce50e7a070db96554b3"},
    {file = "Levenshtein-0.20.5-cp311-cp311-manylinux_2_17_x86_64.manylinux2014_x86_64.whl", hash = "sha256:a8e700f49d6174c06637cab489cc593c13223181e2c00bbec8de782140743144"},
    {file = "Levenshtein-0.20.5-cp311-cp311-manylinux_2_5_i686.manylinux1_i686.manylinux_2_17_i686.manylinux2014_i686.whl", hash = "sha256:d21b6f1710125cccc5d5c7be4fa9d06007538ab4af1fab5c0028e286fb99447a"},
    {file = "Levenshtein-0.20.5-cp311-cp311-musllinux_1_1_aarch64.whl", hash = "sha256:6097021b35ff52e86a4a476acea7c0efd71a9483b9cfc6b15b0d4c1f8e2f1fd7"},
    {file = "Levenshtein-0.20.5-cp311-cp311-musllinux_1_1_i686.whl", hash = "sha256:63950d0ba16d1f89a8edbdebf2b82bcc5e724e813f0c0f4c7f109b823fecbf87"},
    {file = "Levenshtein-0.20.5-cp311-cp311-musllinux_1_1_ppc64le.whl", hash = "sha256:1f5563a21096bee6fadd714e175f6b4f1f06747f8e3aea09f2f747889df11f54"},
    {file = "Levenshtein-0.20.5-cp311-cp311-musllinux_1_1_s390x.whl", hash = "sha256:7a9fe7e7471c40043ca9d8a85d2966f6375b0d42735a42266f9eb4e3afdcc33e"},
    {file = "Levenshtein-0.20.5-cp311-cp311-musllinux_1_1_x86_64.whl", hash = "sha256:22fb529ee55983ef3c46b11771d3d84f58ce3216deaceb303b18b290eae66608"},
    {file = "Levenshtein-0.20.5-cp311-cp311-win32.whl", hash = "sha256:c709f4b02492c28936bca9e2f99a554f7fb527bdd76f2b17ffb4fd0b0107d807"},
    {file = "Levenshtein-0.20.5-cp311-cp311-win_amd64.whl", hash = "sha256:8fb2eec707276804abe731e918fffc127fb43ba7497741bf274ef5bdb5c077e8"},
    {file = "Levenshtein-0.20.5-cp36-cp36m-macosx_10_9_x86_64.whl", hash = "sha256:dc5abb94be9f670e06622531042c5d3f1c1fd338c872ed2b2c9a164bdbfdf75a"},
    {file = "Levenshtein-0.20.5-cp36-cp36m-manylinux_2_17_aarch64.manylinux2014_aarch64.whl", hash = "sha256:dbe04ea4a9aa1d4210bf1e8968f94695acad72ef02626c1cfdef9a4539560788"},
    {file = "Levenshtein-0.20.5-cp36-cp36m-manylinux_2_17_ppc64le.manylinux2014_ppc64le.whl", hash = "sha256:698e05518bf193de0b76388f2136889840f28effb34768ca4a763523e6ee9245"},
    {file = "Levenshtein-0.20.5-cp36-cp36m-manylinux_2_17_s390x.manylinux2014_s390x.whl", hash = "sha256:6771d2930dea96be6f6dc60bdd21db77b4dea2f8bd09752c013b1f6241c7e112"},
    {file = "Levenshtein-0.20.5-cp36-cp36m-manylinux_2_17_x86_64.manylinux2014_x86_64.whl", hash = "sha256:d400e56a203fcfd9275b11e08114b5dc17925ad58fff84a9ac4ec37a6a611ad4"},
    {file = "Levenshtein-0.20.5-cp36-cp36m-manylinux_2_5_i686.manylinux1_i686.manylinux_2_17_i686.manylinux2014_i686.whl", hash = "sha256:911d5f61fcd56ac7c6bfc4568fdf2c4c1c3a9e2a8976a3274166a03e35249e28"},
    {file = "Levenshtein-0.20.5-cp36-cp36m-musllinux_1_1_aarch64.whl", hash = "sha256:ade4d7954a18560529aa1bc0930b0dfff5a3fe5e6772a3a0810307c09d61af31"},
    {file = "Levenshtein-0.20.5-cp36-cp36m-musllinux_1_1_i686.whl", hash = "sha256:b30fc99e69971b91ae80c37b87c4e66dcb82d968bfe3a59b37bcae0f7a58bd49"},
    {file = "Levenshtein-0.20.5-cp36-cp36m-musllinux_1_1_ppc64le.whl", hash = "sha256:ab7cd8a404a086b30c671c78377a0806dc113e676a4af80c85323f0bb2f85300"},
    {file = "Levenshtein-0.20.5-cp36-cp36m-musllinux_1_1_s390x.whl", hash = "sha256:a5836dfc928e197f53126d1ee89f5b73f194218a28c3aaf7ec0d8e1ba886f147"},
    {file = "Levenshtein-0.20.5-cp36-cp36m-musllinux_1_1_x86_64.whl", hash = "sha256:def88ea5e95c202f89a60809c0ba13919f9e91ac6e94d8fa0cfcc6e13169fbd8"},
    {file = "Levenshtein-0.20.5-cp36-cp36m-win32.whl", hash = "sha256:487aeea9781651a941f32107720691e2cdc6ec51ef4a97a9e2ea793b0ef66a80"},
    {file = "Levenshtein-0.20.5-cp36-cp36m-win_amd64.whl", hash = "sha256:97db0360c94674657217b0e0bd83cae85a820ae91030729869c3f955a7b056f1"},
    {file = "Levenshtein-0.20.5-cp37-cp37m-macosx_10_9_x86_64.whl", hash = "sha256:8c49d65d207338b8dfe6cd0b788c7f86d5c61dd7c027c155ba3db4ca0a4ad948"},
    {file = "Levenshtein-0.20.5-cp37-cp37m-manylinux_2_17_aarch64.manylinux2014_aarch64.whl", hash = "sha256:917ad33e2b4968e28bf780033a188736a99946a9d91df1be8eae60256c82ace6"},
    {file = "Levenshtein-0.20.5-cp37-cp37m-manylinux_2_17_ppc64le.manylinux2014_ppc64le.whl", hash = "sha256:448cc450e540da6650100a462dc5acb3e6972de82d102ee94015d3ab47071dbc"},
    {file = "Levenshtein-0.20.5-cp37-cp37m-manylinux_2_17_s390x.manylinux2014_s390x.whl", hash = "sha256:114ec9dffdae87dfbf88f9e0f1b7b9333973bce4af0f0cc71537b1ebf098fe02"},
    {file = "Levenshtein-0.20.5-cp37-cp37m-manylinux_2_17_x86_64.manylinux2014_x86_64.whl", hash = "sha256:03fe04ce29cf85b62a4cd03a1fff327ba30b440342f0698884bc98c2382c80ab"},
    {file = "Levenshtein-0.20.5-cp37-cp37m-manylinux_2_5_i686.manylinux1_i686.manylinux_2_17_i686.manylinux2014_i686.whl", hash = "sha256:3ba113b254cb22406199a72592fa14acb9713128cedaa6156153fe8cf66d7417"},
    {file = "Levenshtein-0.20.5-cp37-cp37m-musllinux_1_1_aarch64.whl", hash = "sha256:91e92044bcb6e7d4860336cac197f487ecbc433bea443e2e0e90a8dc692ca16c"},
    {file = "Levenshtein-0.20.5-cp37-cp37m-musllinux_1_1_i686.whl", hash = "sha256:a2c2fa250e7acef8712d842c1e5ac765da7f12084813867f168ea83b4bd5cda2"},
    {file = "Levenshtein-0.20.5-cp37-cp37m-musllinux_1_1_ppc64le.whl", hash = "sha256:edbb829d5b7864385fbdeca8c0b221249a9fcc4b852d0d4f92db60f93251dc9a"},
    {file = "Levenshtein-0.20.5-cp37-cp37m-musllinux_1_1_s390x.whl", hash = "sha256:393a9cf2f2c0f79e1575e9a1ff0cb460337b2bdc7f56b068237d4f1a269e03e6"},
    {file = "Levenshtein-0.20.5-cp37-cp37m-musllinux_1_1_x86_64.whl", hash = "sha256:131f8ec69ba6fe1c8a78236d9ffbf3cf68d4125134dfcabc3305df2d791384e8"},
    {file = "Levenshtein-0.20.5-cp37-cp37m-win32.whl", hash = "sha256:89c96e1ba5ae1ddec0655589e343c09826d4ea4118deb4b4173f6f971999dee8"},
    {file = "Levenshtein-0.20.5-cp37-cp37m-win_amd64.whl", hash = "sha256:d7e24f5729d4d09e50a9594633a600e51f1423aa685706ca87b054cb2f220df3"},
    {file = "Levenshtein-0.20.5-cp38-cp38-macosx_10_9_universal2.whl", hash = "sha256:d30acdacb94cd6da75569ce9b5c22bb04dec35e4411e4b483f2d683d0d4c8cd3"},
    {file = "Levenshtein-0.20.5-cp38-cp38-macosx_10_9_x86_64.whl", hash = "sha256:7a9900ef63b202746210f2ba86706accc4d86c6a47ad0cd0a229b8800230ec94"},
    {file = "Levenshtein-0.20.5-cp38-cp38-macosx_11_0_arm64.whl", hash = "sha256:46d809ff965a285b3890ed65aaf84f75876cb5d568ccbe6f1f58a1a3a44c4b94"},
    {file = "Levenshtein-0.20.5-cp38-cp38-manylinux_2_17_aarch64.manylinux2014_aarch64.whl", hash = "sha256:a341e0200a34603ee81deb124de597e6c723d67171ca058966945bd68d77a6d1"},
    {file = "Levenshtein-0.20.5-cp38-cp38-manylinux_2_17_ppc64le.manylinux2014_ppc64le.whl", hash = "sha256:08de9fe0bb8bef7b06502ed914431bf708fe35aa1690a14df64825ad3a67fd0d"},
    {file = "Levenshtein-0.20.5-cp38-cp38-manylinux_2_17_s390x.manylinux2014_s390x.whl", hash = "sha256:5707da68092852ed75e01c302eaa161b8dbf04c06cb78e574c5142ecdf26f358"},
    {file = "Levenshtein-0.20.5-cp38-cp38-manylinux_2_17_x86_64.manylinux2014_x86_64.whl", hash = "sha256:4c238565d5a1321167cbb7b5e818bd07fef56b46896c0a05a9a3c5db0d3b5bcd"},
    {file = "Levenshtein-0.20.5-cp38-cp38-manylinux_2_5_i686.manylinux1_i686.manylinux_2_17_i686.manylinux2014_i686.whl", hash = "sha256:6050dbc9dcaeb389099c7ab153296237e9f0ee89705b96a7d5b936c96a0fab04"},
    {file = "Levenshtein-0.20.5-cp38-cp38-musllinux_1_1_aarch64.whl", hash = "sha256:0ab47e8c409afd83d4d21ecab0e81bd05930bac2035936d7b670720fa534fa4d"},
    {file = "Levenshtein-0.20.5-cp38-cp38-musllinux_1_1_i686.whl", hash = "sha256:3f6fe03aaceca011d151b462084b37f3001f6279cce04537319876e432d586f1"},
    {file = "Levenshtein-0.20.5-cp38-cp38-musllinux_1_1_ppc64le.whl", hash = "sha256:9e576b4f9670412c7cac8eefa1a969aecb3d1879bf6daca2560244cf795563ca"},
    {file = "Levenshtein-0.20.5-cp38-cp38-musllinux_1_1_s390x.whl", hash = "sha256:2db844b990c2160d42dc6ed1765e9de68a319bd67d1bcbbf8f71a7a6be013c40"},
    {file = "Levenshtein-0.20.5-cp38-cp38-musllinux_1_1_x86_64.whl", hash = "sha256:ee9f9736fcaec21d182fb2fc359c8ce4c92e606b0f2b60c8c02aac8e2b345666"},
    {file = "Levenshtein-0.20.5-cp38-cp38-win32.whl", hash = "sha256:b9c1bab76af86908aa1115b7b8fa5e65ebf0d0adc7d9fc8e27a3bc8a14dc6202"},
    {file = "Levenshtein-0.20.5-cp38-cp38-win_amd64.whl", hash = "sha256:d9b7b622bc7e47854ea660683d4722e6057a5a07176f38c54ce5da8ea7b53741"},
    {file = "Levenshtein-0.20.5-cp39-cp39-macosx_10_9_universal2.whl", hash = "sha256:46df6d133d089b22a5ff53e542851631a09e69a022f3822c62f9dfe0e558c8b9"},
    {file = "Levenshtein-0.20.5-cp39-cp39-macosx_10_9_x86_64.whl", hash = "sha256:12d210257911b3ab4c0f83c8de537d2ca2489bac12d7ce860b5ae6e9197f742c"},
    {file = "Levenshtein-0.20.5-cp39-cp39-macosx_11_0_arm64.whl", hash = "sha256:c9424f15818595de1cf6f7f9ec4e01848d6ff8335aaaed3aee4836c2a4776312"},
    {file = "Levenshtein-0.20.5-cp39-cp39-manylinux_2_17_aarch64.manylinux2014_aarch64.whl", hash = "sha256:964cc82002c91b3acc25b9b77da7981885e273a6cd601c1f15e732aa1ac744be"},
    {file = "Levenshtein-0.20.5-cp39-cp39-manylinux_2_17_ppc64le.manylinux2014_ppc64le.whl", hash = "sha256:69ab30ac5fb24f943416884b7cd88515e5cdfe875d25cfd4edea04ba6a6f8c81"},
    {file = "Levenshtein-0.20.5-cp39-cp39-manylinux_2_17_s390x.manylinux2014_s390x.whl", hash = "sha256:6812683714b3f8c7048e7c441b20cc4ef6213a2335486d555e4217f0726c7b55"},
    {file = "Levenshtein-0.20.5-cp39-cp39-manylinux_2_17_x86_64.manylinux2014_x86_64.whl", hash = "sha256:28a237c01b9d5fa2120ee4606e1ca3a989f55b67698458b76a793c1a48671887"},
    {file = "Levenshtein-0.20.5-cp39-cp39-manylinux_2_5_i686.manylinux1_i686.manylinux_2_17_i686.manylinux2014_i686.whl", hash = "sha256:c704216ffd31b5eec26cd998117fd24d33c65f8b5930faf200257670bd3ff1f3"},
    {file = "Levenshtein-0.20.5-cp39-cp39-musllinux_1_1_aarch64.whl", hash = "sha256:1bd77a327200a244f5179fcb3f7674a1588cbf95da0368265d50fc70942c3ec6"},
    {file = "Levenshtein-0.20.5-cp39-cp39-musllinux_1_1_i686.whl", hash = "sha256:2a71354c2da18cd117a88d1bc983bf6287abc465ccd5357360091c1d4726161b"},
    {file = "Levenshtein-0.20.5-cp39-cp39-musllinux_1_1_ppc64le.whl", hash = "sha256:59985cfa7f655c97ad29f6c6f10e2d052a90809eda79fe9504107cdaccee3448"},
    {file = "Levenshtein-0.20.5-cp39-cp39-musllinux_1_1_s390x.whl", hash = "sha256:778d7d81d4233f26bf53ea27fed6f2af10216d2e81706c5e952461c454a264dc"},
    {file = "Levenshtein-0.20.5-cp39-cp39-musllinux_1_1_x86_64.whl", hash = "sha256:02f3914af0d1d45764e981a4c0637cc747b73e482250d251c4f268c969d54bce"},
    {file = "Levenshtein-0.20.5-cp39-cp39-win32.whl", hash = "sha256:ed3f4f39d219b7f304aec0b28a95c273111b69ffcb5b87d61b1fb3601dd964f9"},
    {file = "Levenshtein-0.20.5-cp39-cp39-win_amd64.whl", hash = "sha256:e3c18a6e8ce823ac113f3e69c220bb5137ad60eff4ffe01c56d42dc8fc0bffa0"},
    {file = "Levenshtein-0.20.5-pp37-pypy37_pp73-macosx_10_9_x86_64.whl", hash = "sha256:bc60251893baa93f3c4b292764b17b8ca6fbb50972de9f7fcc248634aea2fade"},
    {file = "Levenshtein-0.20.5-pp37-pypy37_pp73-manylinux_2_17_aarch64.manylinux2014_aarch64.whl", hash = "sha256:1262330d8a3a358625397269925620d7ded2e1ec531ed49181a84954d5cc9054"},
    {file = "Levenshtein-0.20.5-pp37-pypy37_pp73-manylinux_2_17_x86_64.manylinux2014_x86_64.whl", hash = "sha256:8667e1d9faae729d39c409c649f6b83244eb88690e362f78461ec20d52afc7a1"},
    {file = "Levenshtein-0.20.5-pp37-pypy37_pp73-manylinux_2_5_i686.manylinux1_i686.manylinux_2_17_i686.manylinux2014_i686.whl", hash = "sha256:8f0c58dd702928aedc0072fcb43dd235f84cebccc689064cdf2f935b6a154d4b"},
    {file = "Levenshtein-0.20.5-pp37-pypy37_pp73-win_amd64.whl", hash = "sha256:20530b025d5d5b118aac1a239011ce8387242547966438c4744f8a25efe1bfa6"},
    {file = "Levenshtein-0.20.5-pp38-pypy38_pp73-macosx_10_9_x86_64.whl", hash = "sha256:3313708237df9efd58092915fef3ee222585c02a12051f06616566db0999559f"},
    {file = "Levenshtein-0.20.5-pp38-pypy38_pp73-manylinux_2_17_aarch64.manylinux2014_aarch64.whl", hash = "sha256:5494d247cd6df5fc4c4115cdb4254ba1530c0d4b67e9a228b401938eed8565ac"},
    {file = "Levenshtein-0.20.5-pp38-pypy38_pp73-manylinux_2_17_x86_64.manylinux2014_x86_64.whl", hash = "sha256:4e33686827f82549c100cdb70b9a301e1dd77593770dd7a2f9c9775b39d779cc"},
    {file = "Levenshtein-0.20.5-pp38-pypy38_pp73-manylinux_2_5_i686.manylinux1_i686.manylinux_2_17_i686.manylinux2014_i686.whl", hash = "sha256:98165faf913868f66afaa2f3293ad69bef36308e8a75480a0567bc35738c4cc3"},
    {file = "Levenshtein-0.20.5-pp38-pypy38_pp73-win_amd64.whl", hash = "sha256:8d9612112fa5311a38625c6f61d28ea2ae48a12d739ffef12bbfc42c0c2a2dde"},
    {file = "Levenshtein-0.20.5-pp39-pypy39_pp73-macosx_10_9_x86_64.whl", hash = "sha256:76899f5b699e32c49475231e90ea8cea61321a4462dc44bd10c1805ce45b0376"},
    {file = "Levenshtein-0.20.5-pp39-pypy39_pp73-manylinux_2_17_aarch64.manylinux2014_aarch64.whl", hash = "sha256:1e4bcd812105890bfda1809d096472fec223da9145aff7f508eb2bc770ca3e00"},
    {file = "Levenshtein-0.20.5-pp39-pypy39_pp73-manylinux_2_17_x86_64.manylinux2014_x86_64.whl", hash = "sha256:c817ec812a21a7d3fa7b772aa56704a4cf4d8f79453600c4e30b2a4a163a1f85"},
    {file = "Levenshtein-0.20.5-pp39-pypy39_pp73-manylinux_2_5_i686.manylinux1_i686.manylinux_2_17_i686.manylinux2014_i686.whl", hash = "sha256:0ea3c2585385fe3cda86e5720cd8ab8fb6fa40e0161339cc3c0bfc35e2312a7d"},
    {file = "Levenshtein-0.20.5-pp39-pypy39_pp73-win_amd64.whl", hash = "sha256:3ac5f8f9a1ed671b126975b28bd0696d033c701fd24ebaf18c2a4af38b7db183"},
    {file = "Levenshtein-0.20.5.tar.gz", hash = "sha256:cc5cfce70b40e4ccbcadbeac3fc10c14db18766822c9d671f6d9cbc7c6dd031c"},
]
packaging = [
    {file = "packaging-21.3-py3-none-any.whl", hash = "sha256:ef103e05f519cdc783ae24ea4e2e0f508a9c99b2d4969652eed6a2e1ea5bd522"},
    {file = "packaging-21.3.tar.gz", hash = "sha256:dd47c42927d89ab911e606518907cc2d3a1f38bbd026385970643f9c5b8ecfeb"},
]
pluggy = [
    {file = "pluggy-1.0.0-py2.py3-none-any.whl", hash = "sha256:74134bbf457f031a36d68416e1509f34bd5ccc019f0bcc952c7b909d06b37bd3"},
    {file = "pluggy-1.0.0.tar.gz", hash = "sha256:4224373bacce55f955a878bf9cfa763c1e360858e330072059e10bad68531159"},
]
py = [
    {file = "py-1.11.0-py2.py3-none-any.whl", hash = "sha256:607c53218732647dff4acdfcd50cb62615cedf612e72d1724fb1a0cc6405b378"},
    {file = "py-1.11.0.tar.gz", hash = "sha256:51c75c4126074b472f746a24399ad32f6053d1b34b68d2fa41e558e6f4a98719"},
]
pyparsing = [
    {file = "pyparsing-3.0.9-py3-none-any.whl", hash = "sha256:5026bae9a10eeaefb61dab2f09052b9f4307d44aee4eda64b309723d8d206bbc"},
    {file = "pyparsing-3.0.9.tar.gz", hash = "sha256:2b020ecf7d21b687f219b71ecad3631f644a47f01403fa1d1036b0c6416d70fb"},
]
pytest = [
    {file = "pytest-6.2.5-py3-none-any.whl", hash = "sha256:7310f8d27bc79ced999e760ca304d69f6ba6c6649c0b60fb0e04a4a77cacc134"},
    {file = "pytest-6.2.5.tar.gz", hash = "sha256:131b36680866a76e6781d13f101efb86cf674ebb9762eb70d3082b6f29889e89"},
]
rapidfuzz = [
    {file = "rapidfuzz-2.11.1-cp310-cp310-macosx_10_9_universal2.whl", hash = "sha256:134a467692216e05a8806efe40e3bcae9aa81b9e051b209a4244b639a168c78e"},
    {file = "rapidfuzz-2.11.1-cp310-cp310-macosx_10_9_x86_64.whl", hash = "sha256:2bc3ec87df5eaad59e6e02e6517047fb268a48866f3531c4b8b59c2c78069fe5"},
    {file = "rapidfuzz-2.11.1-cp310-cp310-macosx_11_0_arm64.whl", hash = "sha256:65b8611c9f5385a2986e11e85137cdecf40610e5d5f250d96a9ed32b7e995c4a"},
    {file = "rapidfuzz-2.11.1-cp310-cp310-manylinux_2_17_aarch64.manylinux2014_aarch64.whl", hash = "sha256:c1477455b82d6db7336ef769f507a55bba9fe9f1c96dc531d7c2c510630307d6"},
    {file = "rapidfuzz-2.11.1-cp310-cp310-manylinux_2_17_i686.manylinux2014_i686.whl", hash = "sha256:dafe8c6e74fea0fdcfec002bc77aee40b4891b14ea513e6092402609ac8dac00"},
    {file = "rapidfuzz-2.11.1-cp310-cp310-manylinux_2_17_ppc64le.manylinux2014_ppc64le.whl", hash = "sha256:24569412e1aac1ac008548cdcd40da771e14467f4bacab9f9abfe5bbb5dfe8be"},
    {file = "rapidfuzz-2.11.1-cp310-cp310-manylinux_2_17_s390x.manylinux2014_s390x.whl", hash = "sha256:5e3164736ed071dc743994b9228ead52b63010aba24b1621de81b3ac39d490b9"},
    {file = "rapidfuzz-2.11.1-cp310-cp310-manylinux_2_17_x86_64.manylinux2014_x86_64.whl", hash = "sha256:8b480a78227457a0b65e0b23afbda9c152dee4e1b41ccc058db8c41ea7a82ab0"},
    {file = "rapidfuzz-2.11.1-cp310-cp310-musllinux_1_1_aarch64.whl", hash = "sha256:bd595bd23a4e1c72d5f5ac416ea49b9a3d87e11fb2db4b960378038ce9bb12f7"},
    {file = "rapidfuzz-2.11.1-cp310-cp310-musllinux_1_1_i686.whl", hash = "sha256:30773e23bebe27ddcf7644d6ebb143bf7c9adeb18019a963172174ef522c0831"},
    {file = "rapidfuzz-2.11.1-cp310-cp310-musllinux_1_1_ppc64le.whl", hash = "sha256:dc0f695b32700b14f404cccaebc25eea6db323418385568297995aee8b5278f8"},
    {file = "rapidfuzz-2.11.1-cp310-cp310-musllinux_1_1_s390x.whl", hash = "sha256:2d3652804ae17920eaa965b1e057ee0ea32d5bb02f50147c82a1d350a86fc3f1"},
    {file = "rapidfuzz-2.11.1-cp310-cp310-musllinux_1_1_x86_64.whl", hash = "sha256:9081542fea2baeebda8caa43a54ecd8a152a05ff3271c38ac8eae447377cef54"},
    {file = "rapidfuzz-2.11.1-cp310-cp310-win32.whl", hash = "sha256:ea5bc5bae1cf447b79be04f05e73b6ea39a5df63374f70cc5d6862337462d4d9"},
    {file = "rapidfuzz-2.11.1-cp310-cp310-win_amd64.whl", hash = "sha256:86c34175830cacac1c16d2182a0f725afbd40042955b7572c8475e3b6a5d8ada"},
    {file = "rapidfuzz-2.11.1-cp311-cp311-macosx_10_9_universal2.whl", hash = "sha256:588dd5f520683af53a9d9d0cabde0987788c0ea9adfda3b058a9c27f448b2b3f"},
    {file = "rapidfuzz-2.11.1-cp311-cp311-macosx_10_9_x86_64.whl", hash = "sha256:d1d8192820d8489a8e3ef160cbe38f5ff974db5263c76438cf44e7574743353b"},
    {file = "rapidfuzz-2.11.1-cp311-cp311-macosx_11_0_arm64.whl", hash = "sha256:ced719fcae6f2a348ac596b67f6d7c26ff3d9d2b7378237953ac5e162d8a4e2e"},
    {file = "rapidfuzz-2.11.1-cp311-cp311-manylinux_2_17_aarch64.manylinux2014_aarch64.whl", hash = "sha256:f71edc8503d08bc5d35187eb72f13b7ec78647f1c14bb90a758ae795b049f788"},
    {file = "rapidfuzz-2.11.1-cp311-cp311-manylinux_2_17_i686.manylinux2014_i686.whl", hash = "sha256:705ccd8de2b7b5295c6a230a3919fc9db8da9d2a6347c15c871fcb2202abd237"},
    {file = "rapidfuzz-2.11.1-cp311-cp311-manylinux_2_17_ppc64le.manylinux2014_ppc64le.whl", hash = "sha256:d24181dfdfcc3d9b37333fea2f5bf9f51e034bd9e0ba67a871f18686b797c739"},
    {file = "rapidfuzz-2.11.1-cp311-cp311-manylinux_2_17_s390x.manylinux2014_s390x.whl", hash = "sha256:ecfe2fe942edabcd1553701237710de296d3eb45472f9128662c95da98e9ed43"},
    {file = "rapidfuzz-2.11.1-cp311-cp311-manylinux_2_17_x86_64.manylinux2014_x86_64.whl", hash = "sha256:40e8d37d67a6e4713ddb6053eb3007a3ca15eddd23f2e4a5039c39e666c10b3a"},
    {file = "rapidfuzz-2.11.1-cp311-cp311-musllinux_1_1_aarch64.whl", hash = "sha256:804c7c67dc316f77b01b9bef5e75f727b73ff1015ff0514972b59dc05eec4d81"},
    {file = "rapidfuzz-2.11.1-cp311-cp311-musllinux_1_1_i686.whl", hash = "sha256:8d6fa1d009fcb9a9169548c29d65a1f05c0fcf1ac966f40e35035307d6a17050"},
    {file = "rapidfuzz-2.11.1-cp311-cp311-musllinux_1_1_ppc64le.whl", hash = "sha256:bd7a1992e91c90197c34ccc674bd64262262627083c99896b79e2c9f5fe28075"},
    {file = "rapidfuzz-2.11.1-cp311-cp311-musllinux_1_1_s390x.whl", hash = "sha256:c288e239fc3aaae3865e43e1f35b606f92ee687a0801e4d46c45d7849aebbe35"},
    {file = "rapidfuzz-2.11.1-cp311-cp311-musllinux_1_1_x86_64.whl", hash = "sha256:eec5ad2f06701e57a2cb483c849704bdf8ea76195918550ab2fc4287970f1c76"},
    {file = "rapidfuzz-2.11.1-cp311-cp311-win32.whl", hash = "sha256:d51b9183ebce60d4795ceaef24b8db2df3ed04307ee787d6adafcc196330a47c"},
    {file = "rapidfuzz-2.11.1-cp311-cp311-win_amd64.whl", hash = "sha256:553e8e3dce321ed33e8b437586e7765d78e6d8fbb236b02768b46e1b2b91b41e"},
    {file = "rapidfuzz-2.11.1-cp36-cp36m-macosx_10_9_x86_64.whl", hash = "sha256:3b6573607568438dfc3d4341b0b00d326ac2cf86281df97e7f8c0348e2f89b5e"},
    {file = "rapidfuzz-2.11.1-cp36-cp36m-manylinux_2_17_aarch64.manylinux2014_aarch64.whl", hash = "sha256:769cf4099f53507231ba04cbf9ee16bea3c193767efc9bdf5e6c59e67e6b5cea"},
    {file = "rapidfuzz-2.11.1-cp36-cp36m-manylinux_2_17_i686.manylinux2014_i686.whl", hash = "sha256:f6e6395404b0239cff7873a18a94839343a44429624f2a70a27b914cc5059580"},
    {file = "rapidfuzz-2.11.1-cp36-cp36m-manylinux_2_17_ppc64le.manylinux2014_ppc64le.whl", hash = "sha256:b5cd1ea9fa396243d34f7bac5bb5787f89310f13fd2b092d11940c6cd7bd0bd8"},
    {file = "rapidfuzz-2.11.1-cp36-cp36m-manylinux_2_17_s390x.manylinux2014_s390x.whl", hash = "sha256:8bc00bd6b6407dc7a8eb31964bcc38862c25e7f5f5982f912f265eb3c4d83140"},
    {file = "rapidfuzz-2.11.1-cp36-cp36m-manylinux_2_17_x86_64.manylinux2014_x86_64.whl", hash = "sha256:f2f91b867d7eca3b99c25e06e7e3a6f84cd4ccb99f390721670ba956f79167c9"},
    {file = "rapidfuzz-2.11.1-cp36-cp36m-musllinux_1_1_aarch64.whl", hash = "sha256:7dd6a439fb09dc9ba463de3f5c8e20f097225816b33a66380b68c8561a08045c"},
    {file = "rapidfuzz-2.11.1-cp36-cp36m-musllinux_1_1_i686.whl", hash = "sha256:3f1c030e2d61d77cb14814640618e29cf13e4554340a3baa9191d162a4dfcd9e"},
    {file = "rapidfuzz-2.11.1-cp36-cp36m-musllinux_1_1_ppc64le.whl", hash = "sha256:9924497dec6a30b5158ef7cc9c60a87c6c46d9f7b7bb7254d4f157b57b531fb8"},
    {file = "rapidfuzz-2.11.1-cp36-cp36m-musllinux_1_1_s390x.whl", hash = "sha256:56aa67bf938e8dcc5e940f183538f09041441f1c4c5a86abe748416950db9d27"},
    {file = "rapidfuzz-2.11.1-cp36-cp36m-musllinux_1_1_x86_64.whl", hash = "sha256:13ce1019ddce7419502fac43b62ac166d3d6d290b727050e3de5bda79a6beb59"},
    {file = "rapidfuzz-2.11.1-cp36-cp36m-win32.whl", hash = "sha256:254d5a800de54c416fa9b220e442a4861b272c1223139ae3dee0aea1c9f27c9c"},
    {file = "rapidfuzz-2.11.1-cp36-cp36m-win_amd64.whl", hash = "sha256:16a2edf3ea888c9d3582761a2bbaa734e03f6db25d96e73edd4dcef6883897ee"},
    {file = "rapidfuzz-2.11.1-cp37-cp37m-macosx_10_9_x86_64.whl", hash = "sha256:faba219b270b78e9494cfe3d955d7b45c10799c18ee47ec24b1ada93978d491b"},
    {file = "rapidfuzz-2.11.1-cp37-cp37m-manylinux_2_17_aarch64.manylinux2014_aarch64.whl", hash = "sha256:6b12420d5b769cd7e1478a8085aeea1ad0ffc8f7fedc86c48b8d598e1602f5ad"},
    {file = "rapidfuzz-2.11.1-cp37-cp37m-manylinux_2_17_i686.manylinux2014_i686.whl", hash = "sha256:e2fe220d4b100b00734d9388e33296ac8f585c763548c372ca17b24affa178e0"},
    {file = "rapidfuzz-2.11.1-cp37-cp37m-manylinux_2_17_ppc64le.manylinux2014_ppc64le.whl", hash = "sha256:c10724490b87fcb86161e5ceb17893626d13363e31efee77aa8e251ee16dcdd5"},
    {file = "rapidfuzz-2.11.1-cp37-cp37m-manylinux_2_17_s390x.manylinux2014_s390x.whl", hash = "sha256:47e163d6a6676be9a3a7e93d5a2c3c65a43c1530b680903ebdba951e07ee7999"},
    {file = "rapidfuzz-2.11.1-cp37-cp37m-manylinux_2_17_x86_64.manylinux2014_x86_64.whl", hash = "sha256:b4f577ded3e40695d5e0796e8b7f4fa78577d873627e0d0692f7060ad73af314"},
    {file = "rapidfuzz-2.11.1-cp37-cp37m-musllinux_1_1_aarch64.whl", hash = "sha256:cc3103e31d27352afe4c5a71702e09185850187d299145d5e98f9fb99a3be498"},
    {file = "rapidfuzz-2.11.1-cp37-cp37m-musllinux_1_1_i686.whl", hash = "sha256:2183fc91971c0853f6170225577d24d81b865d416104b433de53e55a6d2a476a"},
    {file = "rapidfuzz-2.11.1-cp37-cp37m-musllinux_1_1_ppc64le.whl", hash = "sha256:86038b9777b2aa0ebf8c586b81cba166ccde7e6d744aad576cd98c1a07be4c53"},
    {file = "rapidfuzz-2.11.1-cp37-cp37m-musllinux_1_1_s390x.whl", hash = "sha256:f5ed8d4e1545f08bd3745cc47742b3689f1a652b00590caeb32caf3297d01e06"},
    {file = "rapidfuzz-2.11.1-cp37-cp37m-musllinux_1_1_x86_64.whl", hash = "sha256:bfabc6130752f4f77584b2ecbba2adf6fe469b06c52cb974ba8304f1f63bb24f"},
    {file = "rapidfuzz-2.11.1-cp37-cp37m-win32.whl", hash = "sha256:dad6697c6b9e02dd45f73e22646913daad743afd27dadb0b6a430a1573fb4566"},
    {file = "rapidfuzz-2.11.1-cp37-cp37m-win_amd64.whl", hash = "sha256:adc7c6cb3dde5c284d84c7c6f4602b1545ba89c6ebb857b337d0428befb344e5"},
    {file = "rapidfuzz-2.11.1-cp38-cp38-macosx_10_9_universal2.whl", hash = "sha256:52639268dffc8900892a5e57964228fb187512b0f249de9a45ba37c6f2bc52a5"},
    {file = "rapidfuzz-2.11.1-cp38-cp38-macosx_10_9_x86_64.whl", hash = "sha256:a48ff6b6258a32f50f876a6c74fa2f506c1de3b11773d6bf31b6715255807a48"},
    {file = "rapidfuzz-2.11.1-cp38-cp38-macosx_11_0_arm64.whl", hash = "sha256:5080ad715e39b8a2d82339cf4170785e9092c7625ec2095ff3590fdb0a532a41"},
    {file = "rapidfuzz-2.11.1-cp38-cp38-manylinux_2_17_aarch64.manylinux2014_aarch64.whl", hash = "sha256:8b402e99593483a8b05a09fb2a20379ecaa9b0d1f1cf32957b42134bd3305731"},
    {file = "rapidfuzz-2.11.1-cp38-cp38-manylinux_2_17_i686.manylinux2014_i686.whl", hash = "sha256:0f09ff49b28e557615a9ad4d5eedbfd5b886fccb3ec35d85dd34c51348c4bf98"},
    {file = "rapidfuzz-2.11.1-cp38-cp38-manylinux_2_17_ppc64le.manylinux2014_ppc64le.whl", hash = "sha256:bd8f36d8bd399c7d695182e467b4428adb940a157014ab605bbe4d0ab0a1976e"},
    {file = "rapidfuzz-2.11.1-cp38-cp38-manylinux_2_17_s390x.manylinux2014_s390x.whl", hash = "sha256:e459287f0daaee3ee0108123d7e9a1c1c136e94d4382533a93cb509d54dc1ea3"},
    {file = "rapidfuzz-2.11.1-cp38-cp38-manylinux_2_17_x86_64.manylinux2014_x86_64.whl", hash = "sha256:41c9e2acfa25c7667b70913d63887f76e981badc1e95a2878257d28b96f5a10c"},
    {file = "rapidfuzz-2.11.1-cp38-cp38-musllinux_1_1_aarch64.whl", hash = "sha256:931a939ba5e5574f769507038fdf400dbbc46aab2866d4e5e96d83a29f081712"},
    {file = "rapidfuzz-2.11.1-cp38-cp38-musllinux_1_1_i686.whl", hash = "sha256:5e89f50f5f3be2b851e9714015e1a26c6546e6b42f3df69b86200af8eacf9d8c"},
    {file = "rapidfuzz-2.11.1-cp38-cp38-musllinux_1_1_ppc64le.whl", hash = "sha256:64133c9f45cb88b508d52427339b796c76e1790300c7ea4d2ed210f224e0698d"},
    {file = "rapidfuzz-2.11.1-cp38-cp38-musllinux_1_1_s390x.whl", hash = "sha256:3d50a2ca8cd1cea13afd2ff8e052ba49860c64cc3e617398670fd6a8d11e450f"},
    {file = "rapidfuzz-2.11.1-cp38-cp38-musllinux_1_1_x86_64.whl", hash = "sha256:bafd18a27dbe3197e460809468a7c47d9d29d1ebab6a878d5bb5a71fda2056d6"},
    {file = "rapidfuzz-2.11.1-cp38-cp38-win32.whl", hash = "sha256:c822853e9d54979eb5fcf9e54c1f90e5c18eeb399571383ac768cff47d6d6ada"},
    {file = "rapidfuzz-2.11.1-cp38-cp38-win_amd64.whl", hash = "sha256:a7f5a77466c4701062469bce29358ca0797db2bc6d8f6c3cd4e13f418cca10bc"},
    {file = "rapidfuzz-2.11.1-cp39-cp39-macosx_10_9_universal2.whl", hash = "sha256:bf5277ff74c9980245697ea227057d0f05b31c96bc73bae2697c1a48d4980e45"},
    {file = "rapidfuzz-2.11.1-cp39-cp39-macosx_10_9_x86_64.whl", hash = "sha256:6803ef01f4056d61120e37acba8953e6b3149363e85caaba40ee8d49753fe7bd"},
    {file = "rapidfuzz-2.11.1-cp39-cp39-macosx_11_0_arm64.whl", hash = "sha256:475aacad5d5c4f9ad920b4232cc196d79a1777fe1eada9122103c30154d18af4"},
    {file = "rapidfuzz-2.11.1-cp39-cp39-manylinux_2_17_aarch64.manylinux2014_aarch64.whl", hash = "sha256:a98c63d1f5ec2c15adf5dc81c461c8d88c16395956f4518b78e2e04b3285b1e5"},
    {file = "rapidfuzz-2.11.1-cp39-cp39-manylinux_2_17_i686.manylinux2014_i686.whl", hash = "sha256:8a11b70ebb2d7317d69bdb1f692a0eda292a4cddfe9ccb760a8d1a9e763811dd"},
    {file = "rapidfuzz-2.11.1-cp39-cp39-manylinux_2_17_ppc64le.manylinux2014_ppc64le.whl", hash = "sha256:984d40ecda0bc0109c4239d782dfe87362d02b286548672f8a2468eabbf48a69"},
    {file = "rapidfuzz-2.11.1-cp39-cp39-manylinux_2_17_s390x.manylinux2014_s390x.whl", hash = "sha256:7c457f779992a0f5527455cdc17c387268ae9f712d4e29d691704c83c6e58c2d"},
    {file = "rapidfuzz-2.11.1-cp39-cp39-manylinux_2_17_x86_64.manylinux2014_x86_64.whl", hash = "sha256:578934d7524f8378175295e6411b737d35d393d91d4661c739daa8ea2b185836"},
    {file = "rapidfuzz-2.11.1-cp39-cp39-musllinux_1_1_aarch64.whl", hash = "sha256:f9226824c132d38f2337d2c76e3009acc036f0b05f20e95e82f8195400e1e366"},
    {file = "rapidfuzz-2.11.1-cp39-cp39-musllinux_1_1_i686.whl", hash = "sha256:0e64ab58b19866ad3df53e651a429871d744f8794cca25c553396b25d679a1ac"},
    {file = "rapidfuzz-2.11.1-cp39-cp39-musllinux_1_1_ppc64le.whl", hash = "sha256:c77cec595dc80f97a1b32413fb1b618e4da8ba132697e075ad8e4025c4058575"},
    {file = "rapidfuzz-2.11.1-cp39-cp39-musllinux_1_1_s390x.whl", hash = "sha256:5aff0ac1723f7c8d751869a51e6b12d703fd6e6153228d68d8773f19bd5bd968"},
    {file = "rapidfuzz-2.11.1-cp39-cp39-musllinux_1_1_x86_64.whl", hash = "sha256:17ba5fb474515356608cdb8d750f95c12f3e4dc9a0e2c9d7caca3d4cee55048e"},
    {file = "rapidfuzz-2.11.1-cp39-cp39-win32.whl", hash = "sha256:cad5088f1adb9161f2def653908328cfa1dc9bc57e7e41ccdc9339d31cc576d1"},
    {file = "rapidfuzz-2.11.1-cp39-cp39-win_amd64.whl", hash = "sha256:ea4f0d056a95cfdabde667a1796f9ba5296d2776bce2fd4d4cb5674e0e10671f"},
    {file = "rapidfuzz-2.11.1-pp37-pypy37_pp73-macosx_10_9_x86_64.whl", hash = "sha256:036f904bcac16d726273eee7ec0636978af31d151f30c95b611240e22592ab79"},
    {file = "rapidfuzz-2.11.1-pp37-pypy37_pp73-manylinux_2_17_aarch64.manylinux2014_aarch64.whl", hash = "sha256:b5c7b0a4929bfd3945d9c2022cff0b683a39accf5594897fa9004cee4f402b06"},
    {file = "rapidfuzz-2.11.1-pp37-pypy37_pp73-manylinux_2_17_i686.manylinux2014_i686.whl", hash = "sha256:f72d33b0d76a658d8b692b3e42c45539939bac26ff5b71b516cb20fa6d8ff7f6"},
    {file = "rapidfuzz-2.11.1-pp37-pypy37_pp73-manylinux_2_17_x86_64.manylinux2014_x86_64.whl", hash = "sha256:d181889218d80f6beb5ae3838bc23e201d2a1fae688baaa40d82ef9080594315"},
    {file = "rapidfuzz-2.11.1-pp37-pypy37_pp73-win_amd64.whl", hash = "sha256:7750b950a6987bce114b9f36413399712422f4f49b2ad43f4b4ee3af34968b99"},
    {file = "rapidfuzz-2.11.1-pp38-pypy38_pp73-macosx_10_9_x86_64.whl", hash = "sha256:12e14b0c43e3bc0c679ef09bfcbcaf9397534e03b8854c417086779a79e08bb2"},
    {file = "rapidfuzz-2.11.1-pp38-pypy38_pp73-manylinux_2_17_aarch64.manylinux2014_aarch64.whl", hash = "sha256:09de4fd3dbcc73f61b85af006372f48fee7d4324de227702b9da0d2572445d26"},
    {file = "rapidfuzz-2.11.1-pp38-pypy38_pp73-manylinux_2_17_i686.manylinux2014_i686.whl", hash = "sha256:54264d70af59224d6874fcc5828da50d99668055574fe254849cab96f3b80e43"},
    {file = "rapidfuzz-2.11.1-pp38-pypy38_pp73-manylinux_2_17_x86_64.manylinux2014_x86_64.whl", hash = "sha256:7478341137e65a0227fda4f3e39b3d50e6ec7dd4f767077dd435b412c2f2c129"},
    {file = "rapidfuzz-2.11.1-pp38-pypy38_pp73-win_amd64.whl", hash = "sha256:68d46ad148c9cb8be532b5dd7bc246b067e81d4cfabad19b4cb6ac4031cab124"},
    {file = "rapidfuzz-2.11.1-pp39-pypy39_pp73-macosx_10_9_x86_64.whl", hash = "sha256:ea4107a5cc00a05c92be47047662000296d2ccc7ba93aaa030cd5ecab8d5ffaf"},
    {file = "rapidfuzz-2.11.1-pp39-pypy39_pp73-manylinux_2_17_aarch64.manylinux2014_aarch64.whl", hash = "sha256:0c8a5e65cab629ca5bb4b1d2b410f8444384b60364ab528508200acfdf9e659d"},
    {file = "rapidfuzz-2.11.1-pp39-pypy39_pp73-manylinux_2_17_i686.manylinux2014_i686.whl", hash = "sha256:c305ea5405f8615e6ecd39cb28acc7a362713ba3c17c7737b591b377d1afd9ec"},
    {file = "rapidfuzz-2.11.1-pp39-pypy39_pp73-manylinux_2_17_x86_64.manylinux2014_x86_64.whl", hash = "sha256:0429a7a51d1372afaca969ee3170f9975f2fe6e187b485aeef55d3e8d7d934e0"},
    {file = "rapidfuzz-2.11.1-pp39-pypy39_pp73-win_amd64.whl", hash = "sha256:42d18db6f7e1e6ef85a8e673b2fa3352727cc56e60e48e7c9268fe0286ab9f91"},
    {file = "rapidfuzz-2.11.1.tar.gz", hash = "sha256:61152fa1e3df04b4e748f09338f36ca32f7953829f4e630d26f7f564f4cb527b"},
]
toml = [
    {file = "toml-0.10.2-py2.py3-none-any.whl", hash = "sha256:806143ae5bfb6a3c6e736a764057db0e6a0e05e338b5630894a5f779cabb4f9b"},
    {file = "toml-0.10.2.tar.gz", hash = "sha256:b3bda1d108d5dd99f4a20d24d9c348e91c4db7ab1b749200bded2f839ccbe68f"},
]
typing-extensions = [
    {file = "typing_extensions-4.1.1-py3-none-any.whl", hash = "sha256:21c85e0fe4b9a155d0799430b0ad741cdce7e359660ccbd8b530613e8df88ce2"},
    {file = "typing_extensions-4.1.1.tar.gz", hash = "sha256:1a9462dcc3347a79b1f1c0271fbe79e844580bb598bafa1ed208b94da3cdcd42"},
]
zipp = [
    {file = "zipp-3.6.0-py3-none-any.whl", hash = "sha256:9fe5ea21568a0a70e50f273397638d39b03353731e6cbbb3fd8502a33fec40bc"},
    {file = "zipp-3.6.0.tar.gz", hash = "sha256:71c644c5369f4a6e07636f0aa966270449561fcea2e3d6747b8d23efaa9d7832"},
]
